
Microsoft Visual Studio Solution File, Format Version 12.00
# Visual Studio 15
VisualStudioVersion = 15.0.27428.2005
MinimumVisualStudioVersion = 10.0.40219.1
Project("{FAE04EC0-301F-11D3-BF4B-00C04F79EFBC}") = "LixAnimeGrabber", "LixAnimeGrabber\LixAnimeGrabber.csproj", "{3C1511CC-0B4B-44AF-8164-7F87D9D95232}"
EndProject
Global
	GlobalSection(SolutionConfigurationPlatforms) = preSolution
		Debug|Any CPU = Debug|Any CPU
		Release|Any CPU = Release|Any CPU
	EndGlobalSection
	GlobalSection(ProjectConfigurationPlatforms) = postSolution
		{3C1511CC-0B4B-44AF-8164-7F87D9D95232}.Debug|Any CPU.ActiveCfg = Debug|Any CPU
		{3C1511CC-0B4B-44AF-8164-7F87D9D95232}.Debug|Any CPU.Build.0 = Debug|Any CPU
		{3C1511CC-0B4B-44AF-8164-7F87D9D95232}.Release|Any CPU.ActiveCfg = Release|Any CPU
		{3C1511CC-0B4B-44AF-8164-7F87D9D95232}.Release|Any CPU.Build.0 = Release|Any CPU
	EndGlobalSection
	GlobalSection(SolutionProperties) = preSolution
		HideSolutionNode = FALSE
	EndGlobalSection
	GlobalSection(ExtensibilityGlobals) = postSolution
		SolutionGuid = {7276691A-A0F5-468F-8AD1-6621359A7EF2}
	EndGlobalSection
EndGlobal
